
Microsoft Visual Studio Solution File, Format Version 12.00
# Visual Studio Version 17
VisualStudioVersion = 17.2.32616.157
MinimumVisualStudioVersion = 10.0.40219.1
Project("{9A19103F-16F7-4668-BE54-9A1E7A4F7556}") = "Sample_Console_App_Net_6", "Sample_Console_App_Net_6\Sample_Console_App_Net_6.csproj", "{12B3849A-A539-4D5F-AE4D-9F88DD3315E6}"
EndProject
Global
	GlobalSection(SolutionConfigurationPlatforms) = preSolution
		Debug|Any CPU = Debug|Any CPU
		Release|Any CPU = Release|Any CPU
	EndGlobalSection
	GlobalSection(ProjectConfigurationPlatforms) = postSolution
		{12B3849A-A539-4D5F-AE4D-9F88DD3315E6}.Debug|Any CPU.ActiveCfg = Debug|Any CPU
		{12B3849A-A539-4D5F-AE4D-9F88DD3315E6}.Debug|Any CPU.Build.0 = Debug|Any CPU
		{12B3849A-A539-4D5F-AE4D-9F88DD3315E6}.Release|Any CPU.ActiveCfg = Release|Any CPU
		{12B3849A-A539-4D5F-AE4D-9F88DD3315E6}.Release|Any CPU.Build.0 = Release|Any CPU
		{5D0A170A-B413-4C96-9038-48B8EBF1C63E}.Debug|Any CPU.ActiveCfg = Debug|Any CPU
		{5D0A170A-B413-4C96-9038-48B8EBF1C63E}.Debug|Any CPU.Build.0 = Debug|Any CPU
		{5D0A170A-B413-4C96-9038-48B8EBF1C63E}.Release|Any CPU.ActiveCfg = Release|Any CPU
		{5D0A170A-B413-4C96-9038-48B8EBF1C63E}.Release|Any CPU.Build.0 = Release|Any CPU
	EndGlobalSection
	GlobalSection(SolutionProperties) = preSolution
		HideSolutionNode = FALSE
	EndGlobalSection
	GlobalSection(ExtensibilityGlobals) = postSolution
		SolutionGuid = {CE5A8F90-CD7D-4D8C-BE1A-6A85A2F38C8C}
	EndGlobalSection
EndGlobal
